
Microsoft Visual Studio Solution File, Format Version 12.00
# Visual Studio Version 17
VisualStudioVersion = 17.4.33122.133
MinimumVisualStudioVersion = 10.0.40219.1
Project("{FAE04EC0-301F-11D3-BF4B-00C04F79EFBC}") = "BoilingBoulders", "BoilingBoulders\BoilingBoulders.csproj", "{6BBB0229-2454-42FD-8504-653E48DEF44C}"
EndProject
Global
	GlobalSection(SolutionConfigurationPlatforms) = preSolution
		Debug|Any CPU = Debug|Any CPU
		Release|Any CPU = Release|Any CPU
	EndGlobalSection
	GlobalSection(ProjectConfigurationPlatforms) = postSolution
		{6BBB0229-2454-42FD-8504-653E48DEF44C}.Debug|Any CPU.ActiveCfg = Debug|Any CPU
		{6BBB0229-2454-42FD-8504-653E48DEF44C}.Debug|Any CPU.Build.0 = Debug|Any CPU
		{6BBB0229-2454-42FD-8504-653E48DEF44C}.Release|Any CPU.ActiveCfg = Release|Any CPU
		{6BBB0229-2454-42FD-8504-653E48DEF44C}.Release|Any CPU.Build.0 = Release|Any CPU
	EndGlobalSection
	GlobalSection(SolutionProperties) = preSolution
		HideSolutionNode = FALSE
	EndGlobalSection
	GlobalSection(ExtensibilityGlobals) = postSolution
		SolutionGuid = {3E5B7C04-5368-4536-89B2-12CBFEB97F0C}
	EndGlobalSection
EndGlobal
