
Microsoft Visual Studio Solution File, Format Version 12.00
# Visual Studio Version 17
VisualStudioVersion = 17.4.33122.133
MinimumVisualStudioVersion = 10.0.40219.1
Project("{FAE04EC0-301F-11D3-BF4B-00C04F79EFBC}") = "MonkeyInTheMiddle", "MonkeyInTheMiddle\MonkeyInTheMiddle.csproj", "{67A79F87-4CA4-483A-BBD9-2D81C25EAC3A}"
EndProject
Global
	GlobalSection(SolutionConfigurationPlatforms) = preSolution
		Debug|Any CPU = Debug|Any CPU
		Release|Any CPU = Release|Any CPU
	EndGlobalSection
	GlobalSection(ProjectConfigurationPlatforms) = postSolution
		{67A79F87-4CA4-483A-BBD9-2D81C25EAC3A}.Debug|Any CPU.ActiveCfg = Debug|Any CPU
		{67A79F87-4CA4-483A-BBD9-2D81C25EAC3A}.Debug|Any CPU.Build.0 = Debug|Any CPU
		{67A79F87-4CA4-483A-BBD9-2D81C25EAC3A}.Release|Any CPU.ActiveCfg = Release|Any CPU
		{67A79F87-4CA4-483A-BBD9-2D81C25EAC3A}.Release|Any CPU.Build.0 = Release|Any CPU
	EndGlobalSection
	GlobalSection(SolutionProperties) = preSolution
		HideSolutionNode = FALSE
	EndGlobalSection
	GlobalSection(ExtensibilityGlobals) = postSolution
		SolutionGuid = {5450711C-B418-4011-B538-4EAC04370E0D}
	EndGlobalSection
EndGlobal
